
Microsoft Visual Studio Solution File, Format Version 12.00
# Visual Studio Version 17
VisualStudioVersion = 17.9.34723.18
MinimumVisualStudioVersion = 10.0.40219.1
Project("{8BC9CEB8-8B4A-11D0-8D11-00A0C91BC942}") = "Tetris", "Tetris\Tetris.vcxproj", "{A8C3DD30-A495-4CE4-8C47-CA97E2D0FC1C}"
EndProject
Global
	GlobalSection(SolutionConfigurationPlatforms) = preSolution
		Debug|x64 = Debug|x64
		Debug|x86 = Debug|x86
		Release|x64 = Release|x64
		Release|x86 = Release|x86
	EndGlobalSection
	GlobalSection(ProjectConfigurationPlatforms) = postSolution
		{A8C3DD30-A495-4CE4-8C47-CA97E2D0FC1C}.Debug|x64.ActiveCfg = Debug|x64
		{A8C3DD30-A495-4CE4-8C47-CA97E2D0FC1C}.Debug|x64.Build.0 = Debug|x64
		{A8C3DD30-A495-4CE4-8C47-CA97E2D0FC1C}.Debug|x86.ActiveCfg = Debug|Win32
		{A8C3DD30-A495-4CE4-8C47-CA97E2D0FC1C}.Debug|x86.Build.0 = Debug|Win32
		{A8C3DD30-A495-4CE4-8C47-CA97E2D0FC1C}.Release|x64.ActiveCfg = Release|x64
		{A8C3DD30-A495-4CE4-8C47-CA97E2D0FC1C}.Release|x64.Build.0 = Release|x64
		{A8C3DD30-A495-4CE4-8C47-CA97E2D0FC1C}.Release|x86.ActiveCfg = Release|Win32
		{A8C3DD30-A495-4CE4-8C47-CA97E2D0FC1C}.Release|x86.Build.0 = Release|Win32
	EndGlobalSection
	GlobalSection(SolutionProperties) = preSolution
		HideSolutionNode = FALSE
	EndGlobalSection
	GlobalSection(ExtensibilityGlobals) = postSolution
		SolutionGuid = {1ED0C5FE-898D-41D7-AE6C-7894549C843E}
	EndGlobalSection
EndGlobal
